# @generated - this file is auto-generated by `mise lock` https://mise.en.dev/dev-tools/mise-lock.html

[[tools.gh]]
version = "2.92.0"
backend = "aqua:cli/cli"

[tools.gh."platforms.linux-arm64"]
checksum = "sha256:c2248526dd0160c08d3fccca2332c3c1a07c15a78b23978e77735f1b5a18cfee"
url = "https://github.com/cli/cli/releases/download/v2.92.0/gh_2.92.0_linux_arm64.tar.gz"
provenance = "github-attestations"

[tools.gh."platforms.linux-arm64-musl"]
checksum = "sha256:c2248526dd0160c08d3fccca2332c3c1a07c15a78b23978e77735f1b5a18cfee"
url = "https://github.com/cli/cli/releases/download/v2.92.0/gh_2.92.0_linux_arm64.tar.gz"
provenance = "github-attestations"

[tools.gh."platforms.linux-x64"]
checksum = "sha256:b57848131bdf0c229cd35e1f2a51aa718199858b2e728410b37e89a428943ec4"
url = "https://github.com/cli/cli/releases/download/v2.92.0/gh_2.92.0_linux_amd64.tar.gz"
provenance = "github-attestations"

[tools.gh."platforms.linux-x64-musl"]
checksum = "sha256:b57848131bdf0c229cd35e1f2a51aa718199858b2e728410b37e89a428943ec4"
url = "https://github.com/cli/cli/releases/download/v2.92.0/gh_2.92.0_linux_amd64.tar.gz"
provenance = "github-attestations"

[tools.gh."platforms.macos-arm64"]
checksum = "sha256:b11c54f6bd7d15ed6590475079e5b2fcf36f45d3991a80041b29c9d0cc1f1d07"
url = "https://github.com/cli/cli/releases/download/v2.92.0/gh_2.92.0_macOS_arm64.zip"
provenance = "github-attestations"

[tools.gh."platforms.macos-x64"]
checksum = "sha256:ae9bb327ab0d91071bdada79f8f14034a2a0f19b0e001835a782eafa519d2af0"
url = "https://github.com/cli/cli/releases/download/v2.92.0/gh_2.92.0_macOS_amd64.zip"
provenance = "github-attestations"

[tools.gh."platforms.windows-x64"]
checksum = "sha256:b6a8df3c8c6b9c80f290906387673bc4d272840f3789c5650e0e4e6e75522785"
url = "https://github.com/cli/cli/releases/download/v2.92.0/gh_2.92.0_windows_amd64.zip"
provenance = "github-attestations"

[[tools.node]]
version = "26.2.0"
backend = "core:node"

[tools.node."platforms.linux-arm64"]
checksum = "sha256:bf52461d25017479cdc549642c4e7a2303ac5c5395d7c3d026d5d8b3fa283c05"
url = "https://nodejs.org/dist/v26.2.0/node-v26.2.0-linux-arm64.tar.gz"

[tools.node."platforms.linux-arm64-musl"]
checksum = "sha256:4593d822012fe3238814721909408c66f2a82955e0141457643a7a4c84e132fd"
url = "https://unofficial-builds.nodejs.org/download/release/v26.2.0/node-v26.2.0-linux-arm64-musl.tar.gz"

[tools.node."platforms.linux-x64"]
checksum = "sha256:8e5b4b969bb2414aca2ff84d2b99608511aedca32bf8a8427e6187dbdd703bbe"
url = "https://nodejs.org/dist/v26.2.0/node-v26.2.0-linux-x64.tar.gz"

[tools.node."platforms.linux-x64-musl"]
checksum = "sha256:9efc99332e1cf70eeb85618398467c9d339bc208be65115380c611dda4c28407"
url = "https://unofficial-builds.nodejs.org/download/release/v26.2.0/node-v26.2.0-linux-x64-musl.tar.gz"

[tools.node."platforms.macos-arm64"]
checksum = "sha256:2d8575b6a749c0bc66cc6ecd22a952f7d9bbf3b0ea76fcb0ed3ce858018afff7"
url = "https://nodejs.org/dist/v26.2.0/node-v26.2.0-darwin-arm64.tar.gz"

[tools.node."platforms.macos-x64"]
checksum = "sha256:26a5480d0dd952be86beae83e6636dacd7a3ffd17ef51d0b26bc9b260f2b42e9"
url = "https://nodejs.org/dist/v26.2.0/node-v26.2.0-darwin-x64.tar.gz"

[tools.node."platforms.windows-x64"]
checksum = "sha256:371071a4f7e2c8a5dd280730049c685911feecc59f50ebc488d675dc1087c69c"
url = "https://nodejs.org/dist/v26.2.0/node-v26.2.0-win-x64.zip"

[[tools.opentofu]]
version = "1.12.0"
backend = "aqua:opentofu/opentofu"

[tools.opentofu."platforms.linux-arm64"]
checksum = "sha256:2c7f48f95678cf75bbe34b66eeee35de75e6ee46e2ec4b55f80a0d93445f47d8"
url = "https://github.com/opentofu/opentofu/releases/download/v1.12.0/tofu_1.12.0_linux_arm64.tar.gz"

[tools.opentofu."platforms.linux-arm64-musl"]
checksum = "sha256:2c7f48f95678cf75bbe34b66eeee35de75e6ee46e2ec4b55f80a0d93445f47d8"
url = "https://github.com/opentofu/opentofu/releases/download/v1.12.0/tofu_1.12.0_linux_arm64.tar.gz"

[tools.opentofu."platforms.linux-x64"]
checksum = "sha256:5fe1da79e7779538a13713809e83abe1238b95a7abd43ecffc6161af10b0ddf7"
url = "https://github.com/opentofu/opentofu/releases/download/v1.12.0/tofu_1.12.0_linux_amd64.tar.gz"

[tools.opentofu."platforms.linux-x64-musl"]
checksum = "sha256:5fe1da79e7779538a13713809e83abe1238b95a7abd43ecffc6161af10b0ddf7"
url = "https://github.com/opentofu/opentofu/releases/download/v1.12.0/tofu_1.12.0_linux_amd64.tar.gz"

[tools.opentofu."platforms.macos-arm64"]
checksum = "sha256:9ad35307131102371d770cfc1a9806225fd5040acf1a3d3d8c3b5ad5418cd454"
url = "https://github.com/opentofu/opentofu/releases/download/v1.12.0/tofu_1.12.0_darwin_arm64.tar.gz"

[tools.opentofu."platforms.macos-x64"]
checksum = "sha256:472a9b14bd9fc617b58dd00cf39411f64bd6fff6474d968a7ce041f33e991e72"
url = "https://github.com/opentofu/opentofu/releases/download/v1.12.0/tofu_1.12.0_darwin_amd64.tar.gz"

[tools.opentofu."platforms.windows-x64"]
checksum = "sha256:5900eb95e934c4cebb22a487cfa372710dd1f0234400c1c16c0db63b8485e6ce"
url = "https://github.com/opentofu/opentofu/releases/download/v1.12.0/tofu_1.12.0_windows_amd64.tar.gz"

[[tools.pnpm]]
version = "11.3.0"
backend = "aqua:pnpm/pnpm"

[tools.pnpm."platforms.linux-arm64"]
checksum = "sha256:383f644f50667e9c1752791173d274ba414117262b09c1b027c2d297bf520662"
url = "https://github.com/pnpm/pnpm/releases/download/v11.3.0/pnpm-linux-arm64.tar.gz"
provenance = "github-attestations"

[tools.pnpm."platforms.linux-arm64-musl"]
checksum = "sha256:b489128f5e9a6ef56c1c5ff02c03118635bef7726ef9bb2d44e0ccd16d191883"
url = "https://github.com/pnpm/pnpm/releases/download/v11.3.0/pnpm-linux-arm64-musl.tar.gz"
provenance = "github-attestations"

[tools.pnpm."platforms.linux-x64"]
checksum = "sha256:6eb506b53297eb1186ba0cbff1577bb26d17713835a01a5342dcafae550827ce"
url = "https://github.com/pnpm/pnpm/releases/download/v11.3.0/pnpm-linux-x64.tar.gz"
provenance = "github-attestations"

[tools.pnpm."platforms.linux-x64-musl"]
checksum = "sha256:d728c510e04ac218091ce5dc591b28706bb154a14bd9741a146a0defd3ad466b"
url = "https://github.com/pnpm/pnpm/releases/download/v11.3.0/pnpm-linux-x64-musl.tar.gz"
provenance = "github-attestations"

[tools.pnpm."platforms.macos-arm64"]
checksum = "sha256:788958f77b44d7ac05f05f08ccdd520f1b2253d834df2a5eb0cf5ab9b84d40f6"
url = "https://github.com/pnpm/pnpm/releases/download/v11.3.0/pnpm-darwin-arm64.tar.gz"
provenance = "github-attestations"

[tools.pnpm."platforms.windows-x64"]
checksum = "sha256:1264caa0dcad06849cfd04b939f19a64c5349d5dd49f14dadbc06703c6e42653"
url = "https://github.com/pnpm/pnpm/releases/download/v11.3.0/pnpm-win32-x64.zip"
provenance = "github-attestations"

[[tools.prek]]
version = "0.4.3"
backend = "aqua:j178/prek"

[tools.prek."platforms.linux-arm64"]
checksum = "sha256:0a112f72c3e76d4bdea6a5f73788015579766f9a9a5ff827932f7a4685f87eb5"
url = "https://github.com/j178/prek/releases/download/v0.4.3/prek-aarch64-unknown-linux-musl.tar.gz"
provenance = "github-attestations"

[tools.prek."platforms.linux-arm64-musl"]
checksum = "sha256:0a112f72c3e76d4bdea6a5f73788015579766f9a9a5ff827932f7a4685f87eb5"
url = "https://github.com/j178/prek/releases/download/v0.4.3/prek-aarch64-unknown-linux-musl.tar.gz"
provenance = "github-attestations"

[tools.prek."platforms.linux-x64"]
checksum = "sha256:509193a8cb4a3032dd9f732023466e4c6719cc758cd6f768a7218a702edb08ae"
url = "https://github.com/j178/prek/releases/download/v0.4.3/prek-x86_64-unknown-linux-musl.tar.gz"
provenance = "github-attestations"

[tools.prek."platforms.linux-x64-musl"]
checksum = "sha256:509193a8cb4a3032dd9f732023466e4c6719cc758cd6f768a7218a702edb08ae"
url = "https://github.com/j178/prek/releases/download/v0.4.3/prek-x86_64-unknown-linux-musl.tar.gz"
provenance = "github-attestations"

[tools.prek."platforms.macos-arm64"]
checksum = "sha256:80e10ab3961940ef4d5b0cde03ed670f8176dd60729a03e6a7d92ae00700e072"
url = "https://github.com/j178/prek/releases/download/v0.4.3/prek-aarch64-apple-darwin.tar.gz"
provenance = "github-attestations"

[tools.prek."platforms.macos-x64"]
checksum = "sha256:c2f1d49b20a2b10a147195d5e33b03ca51430a852ea6cac568853dda5b89fbb8"
url = "https://github.com/j178/prek/releases/download/v0.4.3/prek-x86_64-apple-darwin.tar.gz"
provenance = "github-attestations"

[tools.prek."platforms.windows-x64"]
checksum = "sha256:8105cec75f5f60b2b1b499f9e57453dac1be835cf2e67ae141c47d6faa88b84d"
url = "https://github.com/j178/prek/releases/download/v0.4.3/prek-x86_64-pc-windows-msvc.zip"
provenance = "github-attestations"

[[tools.wrangler]]
version = "4.95.0"
backend = "npm:wrangler"
